<Solution>
    <Folder Name="/src/">
        <Project Path="src/Industrial.Shared/Industrial.Shared.csproj" />
        <Project Path="src/Industrial.Data.ML/Industrial.Data.ML.csproj" />
        <Project Path="src/Industrial.Diagnostics.Worker/Industrial.Diagnostics.Worker.csproj" />
        <Project Path="src/Industrial.Ingestion.Api/Industrial.Ingestion.Api.csproj" />
        <Project Path="src/Industrial.Sensor.Emulator/Industrial.Sensor.Emulator.csproj" />
        <Project Path="src/Industrial.Sensor.EdgeGateway/Industrial.Sensor.EdgeGateway.csproj" />
        <Project Path="src/Industrial.Web.Api/Industrial.Web.Api.csproj" />
    </Folder>
    <Folder Name="/tests/">
        <Project Path="tests/Industrial.Diagnostics.Tests/Industrial.Diagnostics.Tests.csproj" />
        <Project Path="tests/Industrial.EdgeGateway.Tests/Industrial.EdgeGateway.Tests.csproj" />
        <Project Path="tests/Industrial.Ingestion.Tests/Industrial.Ingestion.Tests.csproj" />
    </Folder>
</Solution>
